{
    "_readme": [
        "This file locks the dependencies of your project to a known state",
        "Read more about it at https://getcomposer.org/doc/01-basic-usage.md#installing-dependencies",
        "This file is @generated automatically"
    ],
    "content-hash": "93d161db7946bd92f581a700d39a8a94",
    "packages": [
        {
            "name": "webdevstudios/oops-wp",
            "version": "1.0.0",
            "source": {
                "type": "git",
                "url": "https://github.com/WebDevStudios/oops-wp.git",
                "reference": "458bc9ddf32d8bbb86f19ba0c676f07a61b58798"
            },
            "dist": {
                "type": "zip",
                "url": "https://api.github.com/repos/WebDevStudios/oops-wp/zipball/458bc9ddf32d8bbb86f19ba0c676f07a61b58798",
                "reference": "458bc9ddf32d8bbb86f19ba0c676f07a61b58798",
                "shasum": ""
            },
            "require": {
                "php": "^7 || ^8"
            },
            "type": "library",
            "autoload": {
                "psr-4": {
                    "WebDevStudios\\OopsWP\\": "src/"
                }
            },
            "notification-url": "https://packagist.org/downloads/",
            "license": [
                "GPL-2.0-or-later"
            ],
            "authors": [
                {
                    "name": "Jeremy Ward",
                    "email": "jeremy@jmichaelward.com",
                    "role": "Software Engineer"
                }
            ],
            "description": "A collection of interfaces and class structures to promote object-oriented programming practices in WordPress.",
            "support": {
                "issues": "https://github.com/WebDevStudios/oops-wp/issues",
                "source": "https://github.com/WebDevStudios/oops-wp/tree/1.0.0"
            },
            "time": "2021-02-27T18:31:02+00:00"
        }
    ],
    "packages-dev": [],
    "aliases": [],
    "minimum-stability": "stable",
    "stability-flags": [],
    "prefer-stable": false,
    "prefer-lowest": false,
    "platform": [],
    "platform-dev": [],
    "plugin-api-version": "2.0.0"
}
